lockVersion: 2.0.0
id: review-sdk-test-id
management:
  docChecksum: 134fc373494552fce41112b1bceb4bd3
  docVersion: 0.1.0
  speakeasyVersion: internal
  generationVersion: internal
  releaseVersion: 0.0.1
  configChecksum: 23e25be6bf43164adc24eb42a28d1420
features:
  docs:
    additionalProperties: 0.1.1
    constsAndDefaults: 0.1.1
    core: 1.26.5
    decimal: 0.0.1
    deprecations: 0.1.0
    docs: 0.2.8
    enums: 0.1.0
    errors: 0.1.1
    examples: 0.1.1
    flattening: 0.1.0
    globalSecurity: 0.1.4
    globalServerURLs: 0.1.1
    globals: 0.2.1
    groups: 0.1.1
    inputOutputModels: 0.3.0
    methodSecurity: 0.2.0
    methodServerURLs: 0.1.1
    nameOverrides: 0.1.1
    pagination: 0.1.2
    retries: 0.1.0
    serverIDs: 0.1.0
    unions: 0.1.4
generatedFiles:
  - content/pages/01-reference/go/client_sdks/_snippet.mdx
  - content/pages/01-reference/go/client_sdks/client_sdks.mdx
  - content/pages/01-reference/go/custom_http_client/custom_http_client.mdx
  - content/pages/01-reference/go/errors/errors.mdx
  - content/pages/01-reference/go/global_parameters/global_parameters.mdx
  - content/pages/01-reference/go/installation/installation.mdx
  - content/pages/01-reference/go/pagination/pagination.mdx
  - content/pages/01-reference/go/resources/get_polymorphism/_header.mdx
  - content/pages/01-reference/go/resources/get_polymorphism/_parameters.mdx
  - content/pages/01-reference/go/resources/get_polymorphism/_response.mdx
  - content/pages/01-reference/go/resources/get_polymorphism/_usage.mdx
  - content/pages/01-reference/go/resources/get_polymorphism/get_polymorphism.mdx
  - content/pages/01-reference/go/resources/get_request_body_flattened_away/_header.mdx
  - content/pages/01-reference/go/resources/get_request_body_flattened_away/_parameters.mdx
  - content/pages/01-reference/go/resources/get_request_body_flattened_away/_response.mdx
  - content/pages/01-reference/go/resources/get_request_body_flattened_away/_usage.mdx
  - content/pages/01-reference/go/resources/get_request_body_flattened_away/get_request_body_flattened_away.mdx
  - content/pages/01-reference/go/resources/get_union_errors/_header.mdx
  - content/pages/01-reference/go/resources/get_union_errors/_parameters.mdx
  - content/pages/01-reference/go/resources/get_union_errors/_response.mdx
  - content/pages/01-reference/go/resources/get_union_errors/_usage.mdx
  - content/pages/01-reference/go/resources/get_union_errors/get_union_errors.mdx
  - content/pages/01-reference/go/resources/get_user/_header.mdx
  - content/pages/01-reference/go/resources/get_user/_parameters.mdx
  - content/pages/01-reference/go/resources/get_user/_response.mdx
  - content/pages/01-reference/go/resources/get_user/_usage.mdx
  - content/pages/01-reference/go/resources/get_user/get_user.mdx
  - content/pages/01-reference/go/resources/post_file/_header.mdx
  - content/pages/01-reference/go/resources/post_file/_parameters.mdx
  - content/pages/01-reference/go/resources/post_file/_response.mdx
  - content/pages/01-reference/go/resources/post_file/_usage.mdx
  - content/pages/01-reference/go/resources/post_file/post_file.mdx
  - content/pages/01-reference/go/resources/tag1/list_test1/_header.mdx
  - content/pages/01-reference/go/resources/tag1/list_test1/_parameters.mdx
  - content/pages/01-reference/go/resources/tag1/list_test1/_ratelimits/ratelimits.mdx
  - content/pages/01-reference/go/resources/tag1/list_test1/_response.mdx
  - content/pages/01-reference/go/resources/tag1/list_test1/_usage.mdx
  - content/pages/01-reference/go/resources/tag1/list_test1/list_test1.mdx
  - content/pages/01-reference/go/resources/tag1/tag1.mdx
  - content/pages/01-reference/go/resources/test_group/tag2/post_test/_header.mdx
  - content/pages/01-reference/go/resources/test_group/tag2/post_test/_parameters.mdx
  - content/pages/01-reference/go/resources/test_group/tag2/post_test/_response.mdx
  - content/pages/01-reference/go/resources/test_group/tag2/post_test/_usage.mdx
  - content/pages/01-reference/go/resources/test_group/tag2/post_test/post_test.mdx
  - content/pages/01-reference/go/resources/test_group/tag2/tag2.mdx
  - content/pages/01-reference/go/resources/test_group/tag3/post_test/_header.mdx
  - content/pages/01-reference/go/resources/test_group/tag3/post_test/_parameters.mdx
  - content/pages/01-reference/go/resources/test_group/tag3/post_test/_response.mdx
  - content/pages/01-reference/go/resources/test_group/tag3/post_test/_usage.mdx
  - content/pages/01-reference/go/resources/test_group/tag3/post_test/post_test.mdx
  - content/pages/01-reference/go/resources/test_group/tag3/tag3.mdx
  - content/pages/01-reference/go/resources/test_group/test_group.mdx
  - content/pages/01-reference/go/retries/retries.mdx
  - content/pages/01-reference/go/security_options/security_options.mdx
  - content/pages/01-reference/go/server_options/server_options.mdx
  - content/pages/01-reference/typescript/client_sdks/_snippet.mdx
  - content/pages/01-reference/typescript/client_sdks/client_sdks.mdx
  - content/pages/01-reference/typescript/custom_http_client/custom_http_client.mdx
  - content/pages/01-reference/typescript/errors/errors.mdx
  - content/pages/01-reference/typescript/global_parameters/global_parameters.mdx
  - content/pages/01-reference/typescript/installation/installation.mdx
  - content/pages/01-reference/typescript/pagination/pagination.mdx
  - content/pages/01-reference/typescript/resources/get_polymorphism/_header.mdx
  - content/pages/01-reference/typescript/resources/get_polymorphism/_parameters.mdx
  - content/pages/01-reference/typescript/resources/get_polymorphism/_response.mdx
  - content/pages/01-reference/typescript/resources/get_polymorphism/_usage.mdx
  - content/pages/01-reference/typescript/resources/get_polymorphism/get_polymorphism.mdx
  - content/pages/01-reference/typescript/resources/get_request_body_flattened_away/_header.mdx
  - content/pages/01-reference/typescript/resources/get_request_body_flattened_away/_parameters.mdx
  - content/pages/01-reference/typescript/resources/get_request_body_flattened_away/_response.mdx
  - content/pages/01-reference/typescript/resources/get_request_body_flattened_away/_usage.mdx
  - content/pages/01-reference/typescript/resources/get_request_body_flattened_away/get_request_body_flattened_away.mdx
  - content/pages/01-reference/typescript/resources/get_union_errors/_header.mdx
  - content/pages/01-reference/typescript/resources/get_union_errors/_parameters.mdx
  - content/pages/01-reference/typescript/resources/get_union_errors/_response.mdx
  - content/pages/01-reference/typescript/resources/get_union_errors/_usage.mdx
  - content/pages/01-reference/typescript/resources/get_union_errors/get_union_errors.mdx
  - content/pages/01-reference/typescript/resources/get_user/_header.mdx
  - content/pages/01-reference/typescript/resources/get_user/_parameters.mdx
  - content/pages/01-reference/typescript/resources/get_user/_response.mdx
  - content/pages/01-reference/typescript/resources/get_user/_usage.mdx
  - content/pages/01-reference/typescript/resources/get_user/get_user.mdx
  - content/pages/01-reference/typescript/resources/post_file/_header.mdx
  - content/pages/01-reference/typescript/resources/post_file/_parameters.mdx
  - content/pages/01-reference/typescript/resources/post_file/_response.mdx
  - content/pages/01-reference/typescript/resources/post_file/_usage.mdx
  - content/pages/01-reference/typescript/resources/post_file/post_file.mdx
  - content/pages/01-reference/typescript/resources/tag1/list_test1/_header.mdx
  - content/pages/01-reference/typescript/resources/tag1/list_test1/_parameters.mdx
  - content/pages/01-reference/typescript/resources/tag1/list_test1/_ratelimits/ratelimits.mdx
  - content/pages/01-reference/typescript/resources/tag1/list_test1/_response.mdx
  - content/pages/01-reference/typescript/resources/tag1/list_test1/_usage.mdx
  - content/pages/01-reference/typescript/resources/tag1/list_test1/list_test1.mdx
  - content/pages/01-reference/typescript/resources/tag1/tag1.mdx
  - content/pages/01-reference/typescript/resources/test_group/tag2/post_test/_header.mdx
  - content/pages/01-reference/typescript/resources/test_group/tag2/post_test/_parameters.mdx
  - content/pages/01-reference/typescript/resources/test_group/tag2/post_test/_response.mdx
  - content/pages/01-reference/typescript/resources/test_group/tag2/post_test/_usage.mdx
  - content/pages/01-reference/typescript/resources/test_group/tag2/post_test/post_test.mdx
  - content/pages/01-reference/typescript/resources/test_group/tag2/tag2.mdx
  - content/pages/01-reference/typescript/resources/test_group/tag3/post_test/_header.mdx
  - content/pages/01-reference/typescript/resources/test_group/tag3/post_test/_parameters.mdx
  - content/pages/01-reference/typescript/resources/test_group/tag3/post_test/_response.mdx
  - content/pages/01-reference/typescript/resources/test_group/tag3/post_test/_usage.mdx
  - content/pages/01-reference/typescript/resources/test_group/tag3/post_test/post_test.mdx
  - content/pages/01-reference/typescript/resources/test_group/tag3/tag3.mdx
  - content/pages/01-reference/typescript/resources/test_group/test_group.mdx
  - content/pages/01-reference/typescript/retries/retries.mdx
  - content/pages/01-reference/typescript/security_options/security_options.mdx
  - content/pages/01-reference/typescript/server_options/server_options.mdx
  - content/types/internal/utils/retryconfig/typescript.mdx
  - content/types/models/components/any/go.mdx
  - content/types/models/components/circular_union/go.mdx
  - content/types/models/components/color/go.mdx
  - content/types/models/components/color/typescript.mdx
  - content/types/models/components/enum/go.mdx
  - content/types/models/components/enum/typescript.mdx
  - content/types/models/components/error/go.mdx
  - content/types/models/components/error_type1/go.mdx
  - content/types/models/components/error_type2/go.mdx
  - content/types/models/components/exhaustive_object/go.mdx
  - content/types/models/components/exhaustive_object/typescript.mdx
  - content/types/models/components/file/go.mdx
  - content/types/models/components/file/typescript.mdx
  - content/types/models/components/hero_width/go.mdx
  - content/types/models/components/hero_width/typescript.mdx
  - content/types/models/components/http_metadata/go.mdx
  - content/types/models/components/icon/go.mdx
  - content/types/models/components/icon/typescript.mdx
  - content/types/models/components/int32_enum/go.mdx
  - content/types/models/components/int32_enum/typescript.mdx
  - content/types/models/components/int_enum/go.mdx
  - content/types/models/components/int_enum/typescript.mdx
  - content/types/models/components/metadata/go.mdx
  - content/types/models/components/nullable_int_enum/go.mdx
  - content/types/models/components/nullable_int_enum/typescript.mdx
  - content/types/models/components/nullable_string_enum/go.mdx
  - content/types/models/components/nullable_string_enum/typescript.mdx
  - content/types/models/components/one_of_with_factored_out_properties/go.mdx
  - content/types/models/components/schemas/go.mdx
  - content/types/models/components/schemas_any/go.mdx
  - content/types/models/components/schemas_color/go.mdx
  - content/types/models/components/schemas_hero_width/go.mdx
  - content/types/models/components/schemas_icon/go.mdx
  - content/types/models/components/schemas_int32_enum/go.mdx
  - content/types/models/components/schemas_int_enum/go.mdx
  - content/types/models/components/schemas_nullable_int_enum/go.mdx
  - content/types/models/components/schemas_nullable_string_enum/go.mdx
  - content/types/models/components/security/go.mdx
  - content/types/models/components/security/typescript.mdx
  - content/types/models/components/security_option1/go.mdx
  - content/types/models/components/security_option1/typescript.mdx
  - content/types/models/components/security_option2/go.mdx
  - content/types/models/components/security_option2/typescript.mdx
  - content/types/models/components/security_option3/go.mdx
  - content/types/models/components/security_option3/typescript.mdx
  - content/types/models/components/simple_object/go.mdx
  - content/types/models/components/simple_object/typescript.mdx
  - content/types/models/components/simple_object_schemas/go.mdx
  - content/types/models/components/test2_request/go.mdx
  - content/types/models/components/test2_request/typescript.mdx
  - content/types/models/components/test2_response/go.mdx
  - content/types/models/components/test2_response/typescript.mdx
  - content/types/models/components/type/go.mdx
  - content/types/models/components/type_t/typescript.mdx
  - content/types/models/components/user/go.mdx
  - content/types/models/components/user/typescript.mdx
  - content/types/models/errors/bad_request_response/typescript.mdx
  - content/types/models/errors/error_t/typescript.mdx
  - content/types/models/operations/all_of_with_factored_out_properties/go.mdx
  - content/types/models/operations/all_of_with_factored_out_properties/typescript.mdx
  - content/types/models/operations/get_polymorphism_response/go.mdx
  - content/types/models/operations/get_polymorphism_response/typescript.mdx
  - content/types/models/operations/get_polymorphism_response_body/go.mdx
  - content/types/models/operations/get_polymorphism_response_body/typescript.mdx
  - content/types/models/operations/get_request_body_flattened_away_globals/go.mdx
  - content/types/models/operations/get_request_body_flattened_away_request/go.mdx
  - content/types/models/operations/get_request_body_flattened_away_request/typescript.mdx
  - content/types/models/operations/get_request_body_flattened_away_response/go.mdx
  - content/types/models/operations/get_request_body_flattened_away_response/typescript.mdx
  - content/types/models/operations/get_union_errors_response/go.mdx
  - content/types/models/operations/get_union_errors_response/typescript.mdx
  - content/types/models/operations/get_user_request/go.mdx
  - content/types/models/operations/get_user_request/typescript.mdx
  - content/types/models/operations/get_user_response/go.mdx
  - content/types/models/operations/get_user_response/typescript.mdx
  - content/types/models/operations/list_test1_globals/go.mdx
  - content/types/models/operations/list_test1_request/go.mdx
  - content/types/models/operations/list_test1_request/typescript.mdx
  - content/types/models/operations/list_test1_response/go.mdx
  - content/types/models/operations/list_test1_response/typescript.mdx
  - content/types/models/operations/list_test1_response_body/go.mdx
  - content/types/models/operations/list_test1_response_body/typescript.mdx
  - content/types/models/operations/list_test1_security/go.mdx
  - content/types/models/operations/list_test1_security/typescript.mdx
  - content/types/models/operations/one_of_with_union_description/go.mdx
  - content/types/models/operations/post_file_request_body/go.mdx
  - content/types/models/operations/post_file_request_body/typescript.mdx
  - content/types/models/operations/post_file_response/go.mdx
  - content/types/models/operations/post_file_response/typescript.mdx
  - content/types/models/operations/post_test2_globals/go.mdx
  - content/types/models/operations/post_test2_request/go.mdx
  - content/types/models/operations/post_test2_request/typescript.mdx
  - content/types/models/operations/post_test2_response/go.mdx
  - content/types/models/operations/post_test2_response/typescript.mdx
  - content/types/models/operations/result_array/go.mdx
  - content/types/models/operations/result_array/typescript.mdx
  - content/types/models/operations/simple_all_of/go.mdx
  - content/types/models/operations/simple_all_of/typescript.mdx
  - content/types/models/sdkerrors/bad_request_response/go.mdx
  - content/types/models/sdkerrors/detail/go.mdx
  - content/types/models/sdkerrors/error/go.mdx
  - content/types/models/sdkerrors/get_union_errors_response_body/go.mdx
  - content/types/models/sdkerrors/two/go.mdx
  - content/types/shared/backoff_strategy/typescript.mdx
  - content/pages/01-reference//resources/post_file/post_file.mdx
  - content/pages/01-reference//resources/get_polymorphism/get_polymorphism.mdx
  - content/pages/01-reference//resources/get_union_errors/get_union_errors.mdx
  - content/pages/01-reference//resources/get_request_body_flattened_away/get_request_body_flattened_away.mdx
  - content/pages/01-reference//resources/get_user/get_user.mdx
  - content/pages/01-reference//resources/tag1/tag1.mdx
  - content/pages/01-reference//resources/tag1/list_test1/_ratelimits/ratelimits.mdx
  - content/pages/01-reference//resources/tag1/list_test1/list_test1.mdx
  - content/pages/01-reference//resources/test_group/test_group.mdx
  - content/pages/01-reference//resources/test_group/tag2/tag2.mdx
  - content/pages/01-reference//resources/test_group/tag2/post_test/post_test.mdx
  - content/pages/01-reference//resources/test_group/tag3/tag3.mdx
  - content/pages/01-reference//resources/test_group/tag3/post_test/post_test.mdx
  - content/languages.tsx
  - content/pages/01-reference/go/resources/resources.mdx
  - content/pages/01-reference/typescript/resources/resources.mdx
  - .commitlintrc.json
  - .editorconfig
  - .eslintrc
  - .npmrc
  - .nvmrc
  - .prettierrc
  - next-env.d.ts
  - package.json
  - pnpm-lock.yaml
  - src/components/Buttons/CopyToClipboard/index.tsx
  - src/components/Buttons/CopyToClipboard/styles.module.scss
  - src/components/Collapsible/index.tsx
  - src/components/Collapsible/styles.module.scss
  - src/components/Columns/index.tsx
  - src/components/Columns/styles.module.scss
  - src/components/Footer/index.tsx
  - src/components/Footer/styles.module.scss
  - src/components/Header/index.tsx
  - src/components/Header/styles.module.scss
  - src/components/LanguageSelector/index.tsx
  - src/components/LanguageSelector/styles.module.scss
  - src/components/LinkWrapper/index.tsx
  - src/components/LinkWrapper/styles.module.scss
  - src/components/Logo/index.tsx
  - src/components/Logo/styles.module.scss
  - src/components/Message/index.tsx
  - src/components/Message/styles.module.scss
  - src/components/MethodPill/index.tsx
  - src/components/MethodPill/styles.module.scss
  - src/components/NavItem/index.tsx
  - src/components/NavItem/styles.module.scss
  - src/components/OperationHeader/index.tsx
  - src/components/OperationInfo/index.tsx
  - src/components/OperationInfo/styles.module.scss
  - src/components/Parameters/index.tsx
  - src/components/Parameters/styles.module.scss
  - src/components/SDKPicker/index.tsx
  - src/components/SDKPicker/styles.module.scss
  - src/components/Section/section.tsx
  - src/components/Section/styles.module.scss
  - src/components/StatusCode/index.tsx
  - src/components/StatusCode/styles.module.scss
  - src/components/TabbedSection/index.tsx
  - src/components/TabbedSection/styles.module.scss
  - src/components/TextHeaderWrapper/index.tsx
  - src/components/TextHeaderWrapper/styles.module.scss
  - src/components/ThemeToggle/index.tsx
  - src/components/ThemeToggle/styles.module.scss
  - src/components/Watermark/index.tsx
  - src/components/Watermark/styles.module.scss
  - src/components/WithStatusBar/index.tsx
  - src/components/WithStatusBar/styles.module.scss
  - src/components/head.tsx
  - src/components/rootContainer.tsx
  - src/components/routeProvider.tsx
  - src/components/scrollManager.tsx
  - src/components/typeHelpers.tsx
  - src/icons/CheckIcon/index.tsx
  - src/icons/CopyIcon/index.tsx
  - src/icons/ExternalLink/index.tsx
  - src/icons/ExternalLink/styles.module.scss
  - src/icons/GitHub/index.tsx
  - src/icons/GitHub/styles.module.scss
  - src/icons/InfoIcon/index.tsx
  - src/icons/Link/index.tsx
  - src/icons/Linkedin/index.tsx
  - src/icons/Linkedin/styles.module.scss
  - src/icons/Moon/index.tsx
  - src/icons/Moon/styles.module.scss
  - src/icons/RightArrow/index.tsx
  - src/icons/RightArrow/styles.module.scss
  - src/icons/Search/index.tsx
  - src/icons/Search/styles.module.scss
  - src/icons/Slack/index.tsx
  - src/icons/Slack/styles.module.scss
  - src/icons/Sun/index.tsx
  - src/icons/Sun/styles.module.scss
  - src/icons/Twitter/index.tsx
  - src/icons/Twitter/styles.module.scss
  - src/icons/gradient.png
  - src/icons/languages/csharp.tsx
  - src/icons/languages/curl.tsx
  - src/icons/languages/go.tsx
  - src/icons/languages/java.tsx
  - src/icons/languages/python.tsx
  - src/icons/languages/typescript.tsx
  - src/icons/languages/unity.tsx
  - src/lib/labels.ts
  - src/lib/languageData.ts
  - src/styles/background-gradients.scss
  - src/styles/codehike-styles.scss
  - src/styles/index.scss
  - src/styles/nextra.scss
  - src/styles/theme.js
  - src/styles/utils/_colors.scss
  - src/styles/utils/_mixins.scss
  - src/styles/utils/_variables.scss
  - src/utils/contexts/languageContext.ts
  - src/utils/contexts/linkableContext.ts
  - src/utils/helpers.ts
  - src/utils/routesHelpers.ts
  - src/utils/theme.ts
  - src/utils/themeLoader.js
  - theme.config.tsx
  - tsconfig.json
  - Makefile
  - src/components/customRedirects.tsx
  - next.config.js
  - server.go
  - Dockerfile
  - src/pages/_app.mdx
  - src/pages/go/[[...rest]].mdx
  - src/.gen/pages/01-reference/go/client_sdks/_snippet.mdx
  - src/.gen/pages/01-reference/go/client_sdks/client_sdks.mdx
  - src/.gen/pages/01-reference/go/client_sdks/client_sdks_content.mdx
  - src/.gen/pages/01-reference/go/custom_http_client/_snippet.mdx
  - src/.gen/pages/01-reference/go/custom_http_client/custom_http_client.mdx
  - src/.gen/pages/01-reference/go/custom_http_client/custom_http_client_content.mdx
  - src/.gen/pages/01-reference/go/errors/_snippet.mdx
  - src/.gen/pages/01-reference/go/errors/errors.mdx
  - src/.gen/pages/01-reference/go/errors/errors_content.mdx
  - src/.gen/pages/01-reference/go/global_parameters/_snippet.mdx
  - src/.gen/pages/01-reference/go/global_parameters/global_parameters.mdx
  - src/.gen/pages/01-reference/go/global_parameters/global_parameters_content.mdx
  - src/.gen/pages/01-reference/go/installation/_snippet.mdx
  - src/.gen/pages/01-reference/go/installation/installation.mdx
  - src/.gen/pages/01-reference/go/installation/installation_content.mdx
  - src/.gen/pages/01-reference/go/pagination/_snippet.mdx
  - src/.gen/pages/01-reference/go/pagination/pagination.mdx
  - src/.gen/pages/01-reference/go/pagination/pagination_content.mdx
  - src/.gen/pages/01-reference/go/resources/get_polymorphism/_header.mdx
  - src/.gen/pages/01-reference/go/resources/get_polymorphism/_parameters.mdx
  - src/.gen/pages/01-reference/go/resources/get_polymorphism/_response.mdx
  - src/.gen/pages/01-reference/go/resources/get_polymorphism/_usage.mdx
  - src/.gen/pages/01-reference/go/resources/get_polymorphism/get_polymorphism.mdx
  - src/.gen/pages/01-reference/go/resources/get_polymorphism/get_polymorphism_content.mdx
  - src/.gen/pages/01-reference/go/resources/get_request_body_flattened_away/_header.mdx
  - src/.gen/pages/01-reference/go/resources/get_request_body_flattened_away/_parameters.mdx
  - src/.gen/pages/01-reference/go/resources/get_request_body_flattened_away/_response.mdx
  - src/.gen/pages/01-reference/go/resources/get_request_body_flattened_away/_usage.mdx
  - src/.gen/pages/01-reference/go/resources/get_request_body_flattened_away/get_request_body_flattened_away.mdx
  - src/.gen/pages/01-reference/go/resources/get_request_body_flattened_away/get_request_body_flattened_away_content.mdx
  - src/.gen/pages/01-reference/go/resources/get_union_errors/_header.mdx
  - src/.gen/pages/01-reference/go/resources/get_union_errors/_parameters.mdx
  - src/.gen/pages/01-reference/go/resources/get_union_errors/_response.mdx
  - src/.gen/pages/01-reference/go/resources/get_union_errors/_usage.mdx
  - src/.gen/pages/01-reference/go/resources/get_union_errors/get_union_errors.mdx
  - src/.gen/pages/01-reference/go/resources/get_union_errors/get_union_errors_content.mdx
  - src/.gen/pages/01-reference/go/resources/get_user/_header.mdx
  - src/.gen/pages/01-reference/go/resources/get_user/_parameters.mdx
  - src/.gen/pages/01-reference/go/resources/get_user/_response.mdx
  - src/.gen/pages/01-reference/go/resources/get_user/_usage.mdx
  - src/.gen/pages/01-reference/go/resources/get_user/get_user.mdx
  - src/.gen/pages/01-reference/go/resources/get_user/get_user_content.mdx
  - src/.gen/pages/01-reference/go/resources/post_file/_header.mdx
  - src/.gen/pages/01-reference/go/resources/post_file/_parameters.mdx
  - src/.gen/pages/01-reference/go/resources/post_file/_response.mdx
  - src/.gen/pages/01-reference/go/resources/post_file/_usage.mdx
  - src/.gen/pages/01-reference/go/resources/post_file/post_file.mdx
  - src/.gen/pages/01-reference/go/resources/post_file/post_file_content.mdx
  - src/.gen/pages/01-reference/go/resources/tag1/list_test1/_ratelimits/ratelimits.mdx
  - src/.gen/pages/01-reference/go/resources/tag1/list_test1/_ratelimits/ratelimits_content.mdx
  - src/.gen/pages/01-reference/go/resources/tag1/list_test1/_header.mdx
  - src/.gen/pages/01-reference/go/resources/tag1/list_test1/_parameters.mdx
  - src/.gen/pages/01-reference/go/resources/tag1/list_test1/_response.mdx
  - src/.gen/pages/01-reference/go/resources/tag1/list_test1/_usage.mdx
  - src/.gen/pages/01-reference/go/resources/tag1/list_test1/list_test1.mdx
  - src/.gen/pages/01-reference/go/resources/tag1/list_test1/list_test1_content.mdx
  - src/.gen/pages/01-reference/go/resources/tag1/tag1.mdx
  - src/.gen/pages/01-reference/go/resources/tag1/tag1_content.mdx
  - src/.gen/pages/01-reference/go/resources/test_group/tag2/post_test/_header.mdx
  - src/.gen/pages/01-reference/go/resources/test_group/tag2/post_test/_parameters.mdx
  - src/.gen/pages/01-reference/go/resources/test_group/tag2/post_test/_response.mdx
  - src/.gen/pages/01-reference/go/resources/test_group/tag2/post_test/_usage.mdx
  - src/.gen/pages/01-reference/go/resources/test_group/tag2/post_test/post_test.mdx
  - src/.gen/pages/01-reference/go/resources/test_group/tag2/post_test/post_test_content.mdx
  - src/.gen/pages/01-reference/go/resources/test_group/tag2/tag2.mdx
  - src/.gen/pages/01-reference/go/resources/test_group/tag2/tag2_content.mdx
  - src/.gen/pages/01-reference/go/resources/test_group/tag3/post_test/_header.mdx
  - src/.gen/pages/01-reference/go/resources/test_group/tag3/post_test/_parameters.mdx
  - src/.gen/pages/01-reference/go/resources/test_group/tag3/post_test/_response.mdx
  - src/.gen/pages/01-reference/go/resources/test_group/tag3/post_test/_usage.mdx
  - src/.gen/pages/01-reference/go/resources/test_group/tag3/post_test/post_test.mdx
  - src/.gen/pages/01-reference/go/resources/test_group/tag3/post_test/post_test_content.mdx
  - src/.gen/pages/01-reference/go/resources/test_group/tag3/tag3.mdx
  - src/.gen/pages/01-reference/go/resources/test_group/tag3/tag3_content.mdx
  - src/.gen/pages/01-reference/go/resources/test_group/test_group.mdx
  - src/.gen/pages/01-reference/go/resources/test_group/test_group_content.mdx
  - src/.gen/pages/01-reference/go/resources/resources.mdx
  - src/.gen/pages/01-reference/go/resources/resources_content.mdx
  - src/.gen/pages/01-reference/go/retries/_snippet.mdx
  - src/.gen/pages/01-reference/go/retries/retries.mdx
  - src/.gen/pages/01-reference/go/retries/retries_content.mdx
  - src/.gen/pages/01-reference/go/security_options/_snippet.mdx
  - src/.gen/pages/01-reference/go/security_options/security_options.mdx
  - src/.gen/pages/01-reference/go/security_options/security_options_content.mdx
  - src/.gen/pages/01-reference/go/server_options/_snippet.mdx
  - src/.gen/pages/01-reference/go/server_options/server_options.mdx
  - src/.gen/pages/01-reference/go/server_options/server_options_content.mdx
  - src/.gen/pages/01-reference/go/go.mdx
  - src/.gen/pages/01-reference/go/go_content.mdx
  - src/pages/go/client_sdks/_meta.json
  - src/pages/go/custom_http_client/_meta.json
  - src/pages/go/errors/_meta.json
  - src/pages/go/global_parameters/_meta.json
  - src/pages/go/installation/_meta.json
  - src/pages/go/pagination/_meta.json
  - src/pages/go/retries/_meta.json
  - src/pages/go/security_options/_meta.json
  - src/pages/go/server_options/_meta.json
  - src/pages/go/get_polymorphism/_meta.json
  - src/pages/go/get_request_body_flattened_away/_meta.json
  - src/pages/go/get_union_errors/_meta.json
  - src/pages/go/get_user/_meta.json
  - src/pages/go/post_file/_meta.json
  - src/pages/go/tag1/list_test1/_meta.json
  - src/pages/go/tag1/_meta.json
  - src/pages/go/test_group/tag2/post_test/_meta.json
  - src/pages/go/test_group/tag2/_meta.json
  - src/pages/go/test_group/tag3/post_test/_meta.json
  - src/pages/go/test_group/tag3/_meta.json
  - src/pages/go/test_group/_meta.json
  - src/pages/go/_meta.json
  - src/pages/typescript/[[...rest]].mdx
  - src/.gen/pages/01-reference/typescript/client_sdks/_snippet.mdx
  - src/.gen/pages/01-reference/typescript/client_sdks/client_sdks.mdx
  - src/.gen/pages/01-reference/typescript/client_sdks/client_sdks_content.mdx
  - src/.gen/pages/01-reference/typescript/custom_http_client/_snippet.mdx
  - src/.gen/pages/01-reference/typescript/custom_http_client/custom_http_client.mdx
  - src/.gen/pages/01-reference/typescript/custom_http_client/custom_http_client_content.mdx
  - src/.gen/pages/01-reference/typescript/errors/_snippet.mdx
  - src/.gen/pages/01-reference/typescript/errors/errors.mdx
  - src/.gen/pages/01-reference/typescript/errors/errors_content.mdx
  - src/.gen/pages/01-reference/typescript/global_parameters/_snippet.mdx
  - src/.gen/pages/01-reference/typescript/global_parameters/global_parameters.mdx
  - src/.gen/pages/01-reference/typescript/global_parameters/global_parameters_content.mdx
  - src/.gen/pages/01-reference/typescript/installation/_snippet.mdx
  - src/.gen/pages/01-reference/typescript/installation/installation.mdx
  - src/.gen/pages/01-reference/typescript/installation/installation_content.mdx
  - src/.gen/pages/01-reference/typescript/pagination/_snippet.mdx
  - src/.gen/pages/01-reference/typescript/pagination/pagination.mdx
  - src/.gen/pages/01-reference/typescript/pagination/pagination_content.mdx
  - src/.gen/pages/01-reference/typescript/resources/get_polymorphism/_header.mdx
  - src/.gen/pages/01-reference/typescript/resources/get_polymorphism/_parameters.mdx
  - src/.gen/pages/01-reference/typescript/resources/get_polymorphism/_response.mdx
  - src/.gen/pages/01-reference/typescript/resources/get_polymorphism/_usage.mdx
  - src/.gen/pages/01-reference/typescript/resources/get_polymorphism/get_polymorphism.mdx
  - src/.gen/pages/01-reference/typescript/resources/get_polymorphism/get_polymorphism_content.mdx
  - src/.gen/pages/01-reference/typescript/resources/get_request_body_flattened_away/_header.mdx
  - src/.gen/pages/01-reference/typescript/resources/get_request_body_flattened_away/_parameters.mdx
  - src/.gen/pages/01-reference/typescript/resources/get_request_body_flattened_away/_response.mdx
  - src/.gen/pages/01-reference/typescript/resources/get_request_body_flattened_away/_usage.mdx
  - src/.gen/pages/01-reference/typescript/resources/get_request_body_flattened_away/get_request_body_flattened_away.mdx
  - src/.gen/pages/01-reference/typescript/resources/get_request_body_flattened_away/get_request_body_flattened_away_content.mdx
  - src/.gen/pages/01-reference/typescript/resources/get_union_errors/_header.mdx
  - src/.gen/pages/01-reference/typescript/resources/get_union_errors/_parameters.mdx
  - src/.gen/pages/01-reference/typescript/resources/get_union_errors/_response.mdx
  - src/.gen/pages/01-reference/typescript/resources/get_union_errors/_usage.mdx
  - src/.gen/pages/01-reference/typescript/resources/get_union_errors/get_union_errors.mdx
  - src/.gen/pages/01-reference/typescript/resources/get_union_errors/get_union_errors_content.mdx
  - src/.gen/pages/01-reference/typescript/resources/get_user/_header.mdx
  - src/.gen/pages/01-reference/typescript/resources/get_user/_parameters.mdx
  - src/.gen/pages/01-reference/typescript/resources/get_user/_response.mdx
  - src/.gen/pages/01-reference/typescript/resources/get_user/_usage.mdx
  - src/.gen/pages/01-reference/typescript/resources/get_user/get_user.mdx
  - src/.gen/pages/01-reference/typescript/resources/get_user/get_user_content.mdx
  - src/.gen/pages/01-reference/typescript/resources/post_file/_header.mdx
  - src/.gen/pages/01-reference/typescript/resources/post_file/_parameters.mdx
  - src/.gen/pages/01-reference/typescript/resources/post_file/_response.mdx
  - src/.gen/pages/01-reference/typescript/resources/post_file/_usage.mdx
  - src/.gen/pages/01-reference/typescript/resources/post_file/post_file.mdx
  - src/.gen/pages/01-reference/typescript/resources/post_file/post_file_content.mdx
  - src/.gen/pages/01-reference/typescript/resources/tag1/list_test1/_ratelimits/ratelimits.mdx
  - src/.gen/pages/01-reference/typescript/resources/tag1/list_test1/_ratelimits/ratelimits_content.mdx
  - src/.gen/pages/01-reference/typescript/resources/tag1/list_test1/_header.mdx
  - src/.gen/pages/01-reference/typescript/resources/tag1/list_test1/_parameters.mdx
  - src/.gen/pages/01-reference/typescript/resources/tag1/list_test1/_response.mdx
  - src/.gen/pages/01-reference/typescript/resources/tag1/list_test1/_usage.mdx
  - src/.gen/pages/01-reference/typescript/resources/tag1/list_test1/list_test1.mdx
  - src/.gen/pages/01-reference/typescript/resources/tag1/list_test1/list_test1_content.mdx
  - src/.gen/pages/01-reference/typescript/resources/tag1/tag1.mdx
  - src/.gen/pages/01-reference/typescript/resources/tag1/tag1_content.mdx
  - src/.gen/pages/01-reference/typescript/resources/test_group/tag2/post_test/_header.mdx
  - src/.gen/pages/01-reference/typescript/resources/test_group/tag2/post_test/_parameters.mdx
  - src/.gen/pages/01-reference/typescript/resources/test_group/tag2/post_test/_response.mdx
  - src/.gen/pages/01-reference/typescript/resources/test_group/tag2/post_test/_usage.mdx
  - src/.gen/pages/01-reference/typescript/resources/test_group/tag2/post_test/post_test.mdx
  - src/.gen/pages/01-reference/typescript/resources/test_group/tag2/post_test/post_test_content.mdx
  - src/.gen/pages/01-reference/typescript/resources/test_group/tag2/tag2.mdx
  - src/.gen/pages/01-reference/typescript/resources/test_group/tag2/tag2_content.mdx
  - src/.gen/pages/01-reference/typescript/resources/test_group/tag3/post_test/_header.mdx
  - src/.gen/pages/01-reference/typescript/resources/test_group/tag3/post_test/_parameters.mdx
  - src/.gen/pages/01-reference/typescript/resources/test_group/tag3/post_test/_response.mdx
  - src/.gen/pages/01-reference/typescript/resources/test_group/tag3/post_test/_usage.mdx
  - src/.gen/pages/01-reference/typescript/resources/test_group/tag3/post_test/post_test.mdx
  - src/.gen/pages/01-reference/typescript/resources/test_group/tag3/post_test/post_test_content.mdx
  - src/.gen/pages/01-reference/typescript/resources/test_group/tag3/tag3.mdx
  - src/.gen/pages/01-reference/typescript/resources/test_group/tag3/tag3_content.mdx
  - src/.gen/pages/01-reference/typescript/resources/test_group/test_group.mdx
  - src/.gen/pages/01-reference/typescript/resources/test_group/test_group_content.mdx
  - src/.gen/pages/01-reference/typescript/resources/resources.mdx
  - src/.gen/pages/01-reference/typescript/resources/resources_content.mdx
  - src/.gen/pages/01-reference/typescript/retries/_snippet.mdx
  - src/.gen/pages/01-reference/typescript/retries/retries.mdx
  - src/.gen/pages/01-reference/typescript/retries/retries_content.mdx
  - src/.gen/pages/01-reference/typescript/security_options/_snippet.mdx
  - src/.gen/pages/01-reference/typescript/security_options/security_options.mdx
  - src/.gen/pages/01-reference/typescript/security_options/security_options_content.mdx
  - src/.gen/pages/01-reference/typescript/server_options/_snippet.mdx
  - src/.gen/pages/01-reference/typescript/server_options/server_options.mdx
  - src/.gen/pages/01-reference/typescript/server_options/server_options_content.mdx
  - src/.gen/pages/01-reference/typescript/typescript.mdx
  - src/.gen/pages/01-reference/typescript/typescript_content.mdx
  - src/pages/typescript/client_sdks/_meta.json
  - src/pages/typescript/custom_http_client/_meta.json
  - src/pages/typescript/errors/_meta.json
  - src/pages/typescript/global_parameters/_meta.json
  - src/pages/typescript/installation/_meta.json
  - src/pages/typescript/pagination/_meta.json
  - src/pages/typescript/retries/_meta.json
  - src/pages/typescript/security_options/_meta.json
  - src/pages/typescript/server_options/_meta.json
  - src/pages/typescript/get_polymorphism/_meta.json
  - src/pages/typescript/get_request_body_flattened_away/_meta.json
  - src/pages/typescript/get_union_errors/_meta.json
  - src/pages/typescript/get_user/_meta.json
  - src/pages/typescript/post_file/_meta.json
  - src/pages/typescript/tag1/list_test1/_meta.json
  - src/pages/typescript/tag1/_meta.json
  - src/pages/typescript/test_group/tag2/post_test/_meta.json
  - src/pages/typescript/test_group/tag2/_meta.json
  - src/pages/typescript/test_group/tag3/post_test/_meta.json
  - src/pages/typescript/test_group/tag3/_meta.json
  - src/pages/typescript/test_group/_meta.json
  - src/pages/typescript/_meta.json
  - src/pages/_meta.json
