lockVersion: 2.0.0
id: review-sdk-test-id
management:
  docChecksum: 0f792ecbb061014acf512f7d2dbd8c20
  docVersion: 0.1.0
  speakeasyVersion: internal
  generationVersion: internal
  releaseVersion: 0.0.1
  configChecksum: ac95dd771e6315d139caf4e4944ce011
features:
  postman:
    acceptHeaders: 0.1.0
    bigint: 0.1.0
    constsAndDefaults: 0.1.2
    core: 0.2.14
    decimal: 0.1.0
    deprecations: 0.0.0
    docs: 0.3.3
    enums: 0.1.0
    errors: 0.2.0
    examples: 0.1.3
    globalSecurity: 0.1.4
    globalServerURLs: 0.1.2
    globals: 0.1.0
    groups: 0.1.1
    hiddenGlobals: 0.1.0
    includes: 0.1.0
    methodSecurity: 0.1.3
    methodServerURLs: 0.1.1
    nameOverrides: 0.1.2
    oauth2ClientCredentials: 0.1.5
    pagination: 0.0.0
    retries: 0.0.0
    serverIDs: 0.1.0
    webhooks: 0.0.0
trackedFiles:
  openapi_postman_collection.json:
    last_write_checksum: sha1:3046866621381c3d9f356f43b2fee273456b55a0
examples:
  _operation_with_leading_and_trailing_underscores_:
    "":
      parameters:
        query:
          queryParam1: "renamed"
    speakeasy-default-operation-with-leading-and-trailing-underscores:
      parameters:
        query:
          queryParam1: "renamed"
  postFile:
    speakeasy-default-post-file:
      requestBody:
        multipart/form-data: {"file": "x-file: example.file"}
      responses:
        "200":
          application/octet-stream: "0x8578F1BEE5"
        "415":
          application/json: {"error": "some example error", "code": 2}
        5XX:
          application/json: {"error": "some example error", "code": 2}
  getPolymorphism:
    speakeasy-default-get-polymorphism:
      responses:
        "200":
          application/json: {"simpleAllOf": {"str": "example", "bool": true}, "allOfWithFactoredOutProperties": {"anOverridingProperty": "example", "anotherProperty": "example", "anExtraProperty": "example"}}
  getUnionErrors:
    "":
      parameters:
        query:
          page: 12
      responses:
        "200":
          application/json:
            "pages": ["<value 1>", "<value 2>"]
        "404":
          application/json:
            "error": "some example error"
            "code": 2
        "500":
          application/json: "<value>"
        4XX:
          application/json: "<value>"
    speakeasy-default-get-union-errors:
      parameters:
        query:
          page: 12
      responses:
        "200":
          application/json: {"pages": ["<value 1>", "<value 2>"]}
        "404":
          application/json: {"error": "some example error", "code": 2}
        "500":
          application/json: "<value>"
        4XX:
          application/json: "<value>"
  getRequestBodyFlattenedAway: {}
  getFullyFlattenedRequest:
    namedExampleThatIsntMatchedAcrossDifferentExamples:
      parameters:
        query:
          lang: "en"
      requestBody:
        application/json: {"name": "<value>"}
    speakeasy-default-get-fully-flattened-request:
      parameters:
        query:
          lang: "<value>"
      requestBody:
        application/json: {"name": "<value>"}
  testEndpoint:
    speakeasy-default-test-endpoint:
      parameters:
        path:
          testName: "<value>"
      requestBody:
        application/json: {"test": "<value>"}
  createUser:
    speakeasy-default-create-user:
      requestBody:
        application/json:
          "id": "8ffac18c-7d88-4879-b057-e5f45b9ce7de"
          "email": "Aglae92@gmail.com"
          "gender": "other"
      responses:
        "200":
          application/json:
            "id": "8ffac18c-7d88-4879-b057-e5f45b9ce7de"
            "email": "Virginie47@gmail.com"
            "gender": "other"
    request-only:
      requestBody:
        application/json: {"email": "request-only@example.com"}
      responses:
        "200":
          application/json: {"id": "8ffac18c-7d88-4879-b057-e5f45b9ce7de", "email": "Aglae92@gmail.com", "gender": "other"}
    paired-example:
      requestBody:
        application/json: {"email": "paired@example.com", "first_name": "John"}
      responses:
        "200":
          application/json: {"id": "user-paired", "email": "paired@example.com", "first_name": "John"}
    response-only:
      requestBody:
        application/json: {"id": "8ffac18c-7d88-4879-b057-e5f45b9ce7de", "email": "Virginie47@gmail.com", "gender": "other"}
      responses:
        "200":
          application/json: {"id": "user-response", "email": "response-only@example.com"}
  getUser:
    speakeasy-default-get-user:
      parameters:
        path:
          id: "<id>"
      responses:
        "200":
          application/json:
            "id": "8ffac18c-7d88-4879-b057-e5f45b9ce7de"
            "email": "Cortney_Jakubowski@gmail.com"
            "gender": "other"
    success:
      parameters:
        path:
          id: "<id>"
      responses:
        "200":
          application/json: {"id": "8ffac18c-7d88-4879-b057-e5f45b9ce7dg", "email": "Trystan_Crooks@hotmail.com"}
  updateUser:
    speakeasy-default-update-user:
      parameters:
        path:
          id: "<id>"
      requestBody:
        application/json: {"id": "8ffac18c-7d88-4879-b057-e5f45b9ce7de", "email": "Joanny.Feeney@gmail.com", "gender": "other"}
      responses:
        "200":
          application/json: {"id": "8ffac18c-7d88-4879-b057-e5f45b9ce7de", "email": "Zackary25@yahoo.com", "gender": "other"}
  deleteUser:
    speakeasy-default-delete-user:
      parameters:
        path:
          id: "<id>"
  login:
    speakeasy-default-login:
      responses:
        "200":
          application/json: {"token": "<value>"}
  validate:
    speakeasy-default-validate:
      responses:
        "200":
          application/json: {}
  getBinaryDefaultResponse:
    speakeasy-default-get-binary-default-response:
      responses:
        default:
          application/octet-stream: "0xf58AcDF799"
  deprecated1: {}
  listTest1:
    speakeasy-default-list-test1:
      parameters:
        path:
          page: 100
        query:
          queryParam1: "some example query param"
          queryParam2: 1
        header:
          headerParam1: "some example header param"
      responses:
        "200":
          application/json: {"resultArray": [], "totalCount": 100, "type": "First"}
        "400":
          application/json: {"status_code": 400, "error": "Bad Request", "type_name": "RequestValidationError", "message": "Invalid Params"}
        "500":
          application/json: {"error": "some example error", "code": 2}
  postTest2:
    speakeasy-default-post-test2:
      parameters:
        query:
          deprecatedQueryParam1: "some example query param"
          deprecatedQueryParam2: "some example query param"
      requestBody:
        application/json: {"obj": {"str": "example", "bool": true, "int": 999999, "int32": 1, "num": 1.1, "float32": 8499.3, "enumProp": "First", "date": "2020-01-01", "dateTime": "2020-01-01T00:00:00Z", "anything": "<value>", "boolOpt": true, "intOptNull": 999999, "numOptNull": 1.1, "intEnum": 3, "int32Enum": 69, "bigint": 702830, "bigintStr": "12345678901234567890", "decimal": 3.141592653589, "decimalStr": "3858.6", "obj": {"str": "example"}, "map": {"key": {"str": "example"}}, "arr": [{"str": "example"}, {"str": "example"}], "any": "<value>", "type": "0", "nullableIntEnum": 3, "nullableStringEnum": "Second", "color": "green", "icon": "tick", "heroWidth": 480}, "type": "type1"}
      responses:
        "200":
          multipart/form-data: "0x920D83Acf0"
        "400":
          application/json: {"status_code": 400, "error": "Bad Request", "type_name": "RequestValidationError", "message": "Invalid Params"}
        "404":
          application/json: {"error": "some example error", "code": 2}
        "500":
          application/json: {"test2": "some example response", "someConst": "someConstValue", "requiredNullableField": "test value"}
  paymentCreated:
    speakeasy-default-payment-created:
      requestBody:
        application/json:
          "amount": "215.23"
          "type": "payment.created"
  paymentUpdated:
    speakeasy-default-payment-updated:
      requestBody:
        application/json:
          "amount": "257.04"
          "type": "payment.updated"
  testEnumFormats:
    speakeasy-default-test-enum-formats:
      requestBody:
        application/json: {"stringArrayFormat": "pending_review", "stringMapFormat": "medium_priority", "stringPartialMapFormat": "draft_mode", "integerMapFormat": 200, "integerPartialMapFormat": 1}
      responses:
        "200":
          application/json: {"message": "Enum formats processed successfully"}
  binaryAndStringUpload:
    speakeasy-default-binary-and-string-upload:
      requestBody:
        application/json: {"binary": "x-file: test.json", "string": "x-file: test.json"}
  getErrorInUnion:
    speakeasy-default-get-error-in-union:
      responses:
        "500":
          application/json: "<value>"
  postFileWithEncoding:
    speakeasy-default-post-file-with-encoding:
      requestBody:
        multipart/form-data: {"file": "x-file: example.file"}
      responses:
        "200":
          application/json: {"fileName": "example.file", "size": 905827}
        "415":
          application/json: {"error": "some example error", "code": 2}
  auth: {}
  groupRoot: {}
  groupTop: {}
  groupBottom: {}
  rootGroupOp: {}
  subGroupOp: {}
  nestedGroupOp: {}
  getEmptyObjectError:
    speakeasy-default-get-empty-object-error:
      responses:
        "200":
          application/json: {"success": true}
        "500":
          application/json: {}
  urlValidationStressTest: {}
  bracesInPathAllowed:
    speakeasy-default-braces-in-path-allowed:
      parameters:
        path:
          id: "<id>"
  parenthesesInPathAllowed:
    speakeasy-default-parentheses-in-path-allowed:
      parameters:
        path:
          id: "<id>"
      requestBody:
        application/json: {"fieldWithBracesInDefault": "A string with {{ double braces }} and { single braces }\nand \\{\\{ escaped curlies \\}\\} and `backticks`.\nand \\`escaped backticks\\` and double slashes\\\\\nand 'single quotes' and \"double quotes\".\nand  \\'escaped single quotes\\' and \\\"escaped double quotes\\\".\n", "fieldWithBracesInConst": "A string with {{ double braces }} and { single braces }\nand \\{\\{ escaped curlies \\}\\} and `backticks`.\nand \\`escaped backticks\\` and double slashes\\\\\nand 'single quotes' and \"double quotes\".\nand  \\'escaped single quotes\\' and \\\"escaped double quotes\\\".\n", "fieldWithBracesInExample": "A string with {{ double braces }} and { single braces }\nand \\{\\{ escaped curlies \\}\\} and `backticks`.\nand \\`escaped backticks\\` and double slashes\\\\\nand 'single quotes' and \"double quotes\".\nand  \\'escaped single quotes\\' and \\\"escaped double quotes\\\".\n"}
      responses:
        "200":
          application/json: {"fieldWithBracesInDefault": "A string with {{ double braces }} and { single braces }\nand \\{\\{ escaped curlies \\}\\} and `backticks`.\nand \\`escaped backticks\\` and double slashes\\\\\nand 'single quotes' and \"double quotes\".\nand  \\'escaped single quotes\\' and \\\"escaped double quotes\\\".\n", "fieldWithBracesInConst": "A string with {{ double braces }} and { single braces }\nand \\{\\{ escaped curlies \\}\\} and `backticks`.\nand \\`escaped backticks\\` and double slashes\\\\\nand 'single quotes' and \"double quotes\".\nand  \\'escaped single quotes\\' and \\\"escaped double quotes\\\".\n", "fieldWithBracesInExample": "A string with {{ double braces }} and { single braces }\nand \\{\\{ escaped curlies \\}\\} and `backticks`.\nand \\`escaped backticks\\` and double slashes\\\\\nand 'single quotes' and \"double quotes\".\nand  \\'escaped single quotes\\' and \\\"escaped double quotes\\\".\n"}
  getNamespaceConflict:
    speakeasy-default-get-namespace-conflict:
      responses:
        "200":
          application/json: {"fooPet": {"id": "pet-foo-123", "name": "Fluffy", "species": "cat"}, "barPet": {"id": "pet-bar-456", "name": "Buddy", "owner": "John Doe"}}
  createNamespaceConflict:
    speakeasy-default-create-namespace-conflict:
      requestBody:
        application/json: {"id": "pet-foo-123", "name": "Fluffy", "species": "cat"}
      responses:
        "200":
          application/json: {"id": "pet-bar-456", "name": "Buddy", "owner": "John Doe"}
  getTripleNamespaceConflict:
    speakeasy-default-get-triple-namespace-conflict:
      responses:
        "200":
          application/json: {"fooPet": {"id": "pet-foo-123", "name": "Fluffy", "species": "cat"}, "barPet": {"id": "pet-bar-456", "name": "Buddy", "owner": "John Doe"}, "bazPet": {"petId": 789, "petName": "Rex", "adoptedAt": "2024-01-15T10:30:00Z"}}
  getPetOwners:
    speakeasy-default-get-pet-owners:
      responses:
        "200":
          application/json: {"fooPetOwner": {"id": "owner-123", "name": "Jane Doe", "pets": [{"id": "pet-foo-123", "name": "Fluffy", "species": "cat"}]}, "barPetOwner": {"ownerId": 456, "fullName": "Bob Smith", "pet": {"id": "pet-bar-456", "name": "Buddy", "owner": "John Doe"}}}
  getSingleNamespaceFooPet:
    speakeasy-default-get-single-namespace-foo-pet:
      responses:
        "200":
          application/json: {"id": "pet-foo-123", "name": "Fluffy", "species": "cat"}
  createSingleNamespaceFooPet:
    speakeasy-default-create-single-namespace-foo-pet:
      requestBody:
        application/json: {"id": "pet-foo-123", "name": "Fluffy", "species": "cat"}
      responses:
        "201":
          application/json: {"id": "pet-foo-123", "name": "Fluffy", "species": "cat"}
  getSingleNamespaceBarPet:
    speakeasy-default-get-single-namespace-bar-pet:
      responses:
        "200":
          application/json: {"id": "pet-bar-456", "name": "Buddy", "owner": "John Doe"}
  getNamespaceTypes:
    speakeasy-default-get-namespace-types:
      responses:
        "200":
          application/json: {"fooSpecies": "cat", "barStatus": "available", "fooAnimal": "<value>", "barVehicle": "<value>", "fooOrg": {"name": "Acme Corp", "address": {"street": "123 Main St", "city": "Springfield", "location": {"latitude": 37.7749, "longitude": -122.4194}}, "departments": [{"deptName": "Engineering", "headCount": 50}]}}
  getNamespaceAnimal:
    speakeasy-default-get-namespace-animal:
      responses:
        "200":
          application/json: "<value>"
  getNamespaceVehicle:
    speakeasy-default-get-namespace-vehicle:
      responses:
        "200":
          application/json: "<value>"
  getNamespaceOrganization:
    speakeasy-default-get-namespace-organization:
      responses:
        "200":
          application/json: {"name": "Acme Corp", "address": {"street": "123 Main St", "city": "Springfield", "location": {"latitude": 37.7749, "longitude": -122.4194}}, "departments": [{"deptName": "Engineering", "headCount": 50}]}
  getNestedIntegerString:
    speakeasy-default-get-nested-integer-string:
      responses:
        "200":
          application/json: {"task": {"id": "task-123", "name": "Review Task", "policy": {"policyId": "policy-456", "steps": [{"stepId": "step-1", "approval": {"approvers": ["user-1", "user-2"], "escalation": {"enabled": true, "expiration": "86400", "fallbackApprovers": ["admin-1"]}}}]}}}
  getErrorOnlyExample:
    notFoundExample:
      responses:
        "404":
          application/json: {"error": "Resource not found", "code": 404}
    speakeasy-default-get-error-only-example:
      responses:
        "200":
          application/json: {"id": "<id>", "name": "<value>"}
        "404":
          application/json: {"error": "some example error", "code": 2}
  getNamedPrimitiveUnion:
    speakeasy-default-get-named-primitive-union:
      responses:
        "200":
          application/json: "<value>"
  putNamespaceConflict: {}
  getDuplicateExportCollision:
    speakeasy-default-get-duplicate-export-collision:
      responses:
        "200":
          application/json: {}
        "408":
          application/json: {}
  createWithUnion:
    speakeasy-default-create-with-union:
      requestBody:
        application/json: {"name": "<value>", "shape": "<value>"}
      responses:
        "200":
          application/json: {}
  paginationOffsetNullable:
    speakeasy-default-pagination-offset-nullable:
      parameters:
        query:
          offset: 488005
          limit: 466255
      responses:
        "200":
          application/json:
            "resultArray": ["<value 1>", "<value 2>", "<value 3>"]
  renderAsset:
    speakeasy-default-render-asset:
      requestBody:
        application/json:
          "prompt": "<value>"
      responses:
        "200":
          application/json: {}
examplesVersion: 1.0.2
generatedFiles:
  - openapi_postman_collection.json
